
Microsoft Visual Studio Solution File, Format Version 12.00
# Visual Studio 2012
Project("{FAE04EC0-301F-11D3-BF4B-00C04F79EFBC}") = "Domain", "Projects\Domain\Domain.csproj", "{08E91CB8-D0CD-4503-989D-6C6EF023F119}"
EndProject
Project("{2150E333-8FDC-42A3-9474-1A3956D46DE8}") = "Projects", "Projects", "{6E9F6BA5-EC63-4FD7-9DAC-ED7F4A4C6C5A}"
	ProjectSection(SolutionItems) = preProject
		Projects\VHA Service Foundation App.vstemplate = Projects\VHA Service Foundation App.vstemplate
	EndProjectSection
EndProject
Project("{FAE04EC0-301F-11D3-BF4B-00C04F79EFBC}") = "DataActivities", "Projects\DataActivities\DataActivities.csproj", "{6D0B5602-97EC-47B6-9025-ACBF6B407B42}"
EndProject
Project("{FAE04EC0-301F-11D3-BF4B-00C04F79EFBC}") = "Orchestrations", "Projects\Orchestrations\Orchestrations.csproj", "{49CE03F3-00B1-480C-8B88-AEEC35478826}"
EndProject
Project("{FAE04EC0-301F-11D3-BF4B-00C04F79EFBC}") = "Services", "Projects\Services\Services.csproj", "{0122434C-41AE-4F0B-AA5A-C72F9F31F195}"
EndProject
Project("{FAE04EC0-301F-11D3-BF4B-00C04F79EFBC}") = "WebUI", "Projects\WebUI\WebUI.csproj", "{339C6E1F-E443-4F2E-8DDE-6D83ED70039A}"
EndProject
Project("{FAE04EC0-301F-11D3-BF4B-00C04F79EFBC}") = "VHA.CodeGen.ServiceFoundation", "Projects\CodeGen\VHA.CodeGen.ServiceFoundation.csproj", "{C86D9BEF-1863-41C2-AA75-4676E904AADE}"
EndProject
Project("{2150E333-8FDC-42A3-9474-1A3956D46DE8}") = "TemplateInstaller", "TemplateInstaller", "{5619C28C-234A-4FC6-B26C-C7BFBB68135F}"
EndProject
Project("{FAE04EC0-301F-11D3-BF4B-00C04F79EFBC}") = "TemplateInstaller", "TemplateInstaller\TemplateInstaller.csproj", "{EAC4CD59-245D-4606-A8B2-1E897DA437FE}"
EndProject
Global
	GlobalSection(TeamFoundationVersionControl) = preSolution
		SccNumberOfProjects = 8
		SccEnterpriseProvider = {4CA58AB2-18FA-4F8D-95D4-32DDF27D184C}
		SccTeamFoundationServer = https://tfs2012.corp.vha.com/tfs/pmo
		SccLocalPath0 = .
		SccProjectUniqueName1 = Projects\\Domain\\Domain.csproj
		SccProjectTopLevelParentUniqueName1 = VHA.ServiceFoundation.SolutionTemplate.sln
		SccProjectName1 = Projects/Domain
		SccLocalPath1 = Projects\\Domain
		SccProjectUniqueName2 = Projects\\DataActivities\\DataActivities.csproj
		SccProjectTopLevelParentUniqueName2 = VHA.ServiceFoundation.SolutionTemplate.sln
		SccProjectName2 = Projects/DataActivities
		SccLocalPath2 = Projects\\DataActivities
		SccProjectUniqueName3 = Projects\\Orchestrations\\Orchestrations.csproj
		SccProjectTopLevelParentUniqueName3 = VHA.ServiceFoundation.SolutionTemplate.sln
		SccProjectName3 = Projects/Orchestrations
		SccLocalPath3 = Projects\\Orchestrations
		SccProjectUniqueName4 = Projects\\Services\\Services.csproj
		SccProjectTopLevelParentUniqueName4 = VHA.ServiceFoundation.SolutionTemplate.sln
		SccProjectName4 = Projects/Services
		SccLocalPath4 = Projects\\Services
		SccProjectUniqueName5 = Projects\\WebUI\\WebUI.csproj
		SccProjectTopLevelParentUniqueName5 = VHA.ServiceFoundation.SolutionTemplate.sln
		SccProjectName5 = Projects/WebUI
		SccLocalPath5 = Projects\\WebUI
		SccProjectUniqueName6 = Projects\\CodeGen\\VHA.CodeGen.ServiceFoundation.csproj
		SccProjectTopLevelParentUniqueName6 = VHA.ServiceFoundation.SolutionTemplate.sln
		SccProjectName6 = Projects/CodeGen
		SccLocalPath6 = Projects\\CodeGen
		SccProjectUniqueName7 = TemplateInstaller\\TemplateInstaller.csproj
		SccProjectTopLevelParentUniqueName7 = VHA.ServiceFoundation.SolutionTemplate.sln
		SccProjectName7 = TemplateInstaller
		SccLocalPath7 = TemplateInstaller
	EndGlobalSection
	GlobalSection(SolutionConfigurationPlatforms) = preSolution
		Debug|Any CPU = Debug|Any CPU
		Release|Any CPU = Release|Any CPU
	EndGlobalSection
	GlobalSection(ProjectConfigurationPlatforms) = postSolution
		{08E91CB8-D0CD-4503-989D-6C6EF023F119}.Debug|Any CPU.ActiveCfg = Debug|Any CPU
		{08E91CB8-D0CD-4503-989D-6C6EF023F119}.Release|Any CPU.ActiveCfg = Release|Any CPU
		{6D0B5602-97EC-47B6-9025-ACBF6B407B42}.Debug|Any CPU.ActiveCfg = Debug|Any CPU
		{6D0B5602-97EC-47B6-9025-ACBF6B407B42}.Release|Any CPU.ActiveCfg = Release|Any CPU
		{49CE03F3-00B1-480C-8B88-AEEC35478826}.Debug|Any CPU.ActiveCfg = Debug|Any CPU
		{49CE03F3-00B1-480C-8B88-AEEC35478826}.Release|Any CPU.ActiveCfg = Release|Any CPU
		{0122434C-41AE-4F0B-AA5A-C72F9F31F195}.Debug|Any CPU.ActiveCfg = Debug|Any CPU
		{0122434C-41AE-4F0B-AA5A-C72F9F31F195}.Release|Any CPU.ActiveCfg = Release|Any CPU
		{339C6E1F-E443-4F2E-8DDE-6D83ED70039A}.Debug|Any CPU.ActiveCfg = Debug|Any CPU
		{339C6E1F-E443-4F2E-8DDE-6D83ED70039A}.Release|Any CPU.ActiveCfg = Release|Any CPU
		{C86D9BEF-1863-41C2-AA75-4676E904AADE}.Debug|Any CPU.ActiveCfg = Debug|Any CPU
		{C86D9BEF-1863-41C2-AA75-4676E904AADE}.Release|Any CPU.ActiveCfg = Release|Any CPU
		{EAC4CD59-245D-4606-A8B2-1E897DA437FE}.Debug|Any CPU.ActiveCfg = Debug|Any CPU
		{EAC4CD59-245D-4606-A8B2-1E897DA437FE}.Debug|Any CPU.Build.0 = Debug|Any CPU
		{EAC4CD59-245D-4606-A8B2-1E897DA437FE}.Release|Any CPU.ActiveCfg = Release|Any CPU
		{EAC4CD59-245D-4606-A8B2-1E897DA437FE}.Release|Any CPU.Build.0 = Release|Any CPU
	EndGlobalSection
	GlobalSection(SolutionProperties) = preSolution
		HideSolutionNode = FALSE
	EndGlobalSection
	GlobalSection(NestedProjects) = preSolution
		{08E91CB8-D0CD-4503-989D-6C6EF023F119} = {6E9F6BA5-EC63-4FD7-9DAC-ED7F4A4C6C5A}
		{6D0B5602-97EC-47B6-9025-ACBF6B407B42} = {6E9F6BA5-EC63-4FD7-9DAC-ED7F4A4C6C5A}
		{49CE03F3-00B1-480C-8B88-AEEC35478826} = {6E9F6BA5-EC63-4FD7-9DAC-ED7F4A4C6C5A}
		{0122434C-41AE-4F0B-AA5A-C72F9F31F195} = {6E9F6BA5-EC63-4FD7-9DAC-ED7F4A4C6C5A}
		{339C6E1F-E443-4F2E-8DDE-6D83ED70039A} = {6E9F6BA5-EC63-4FD7-9DAC-ED7F4A4C6C5A}
		{C86D9BEF-1863-41C2-AA75-4676E904AADE} = {6E9F6BA5-EC63-4FD7-9DAC-ED7F4A4C6C5A}
		{EAC4CD59-245D-4606-A8B2-1E897DA437FE} = {5619C28C-234A-4FC6-B26C-C7BFBB68135F}
	EndGlobalSection
EndGlobal
